
Microsoft Visual Studio Solution File, Format Version 12.00
# Visual Studio Version 17
VisualStudioVersion = 17.1.32210.238
MinimumVisualStudioVersion = 10.0.40219.1
Project("{9A19103F-16F7-4668-BE54-9A1E7A4F7556}") = "StudentsForm", "StudentsForm\StudentsForm.csproj", "{A6938FFB-7B01-4DB6-9058-6AD942CE921B}"
EndProject
Project("{FAE04EC0-301F-11D3-BF4B-00C04F79EFBC}") = "DataAccess", "DataAccess\DataAccess.csproj", "{C8A7B047-B9A8-4561-B762-D3F5277900B9}"
EndProject
Project("{FAE04EC0-301F-11D3-BF4B-00C04F79EFBC}") = "Entities", "Entities\Entities.csproj", "{BAFCC730-0DF6-4660-8BA5-B1CBF7F2F0D4}"
EndProject
Global
	GlobalSection(SolutionConfigurationPlatforms) = preSolution
		Debug|Any CPU = Debug|Any CPU
		Release|Any CPU = Release|Any CPU
	EndGlobalSection
	GlobalSection(ProjectConfigurationPlatforms) = postSolution
		{A6938FFB-7B01-4DB6-9058-6AD942CE921B}.Debug|Any CPU.ActiveCfg = Debug|Any CPU
		{A6938FFB-7B01-4DB6-9058-6AD942CE921B}.Debug|Any CPU.Build.0 = Debug|Any CPU
		{A6938FFB-7B01-4DB6-9058-6AD942CE921B}.Release|Any CPU.ActiveCfg = Release|Any CPU
		{A6938FFB-7B01-4DB6-9058-6AD942CE921B}.Release|Any CPU.Build.0 = Release|Any CPU
		{C8A7B047-B9A8-4561-B762-D3F5277900B9}.Debug|Any CPU.ActiveCfg = Debug|Any CPU
		{C8A7B047-B9A8-4561-B762-D3F5277900B9}.Debug|Any CPU.Build.0 = Debug|Any CPU
		{C8A7B047-B9A8-4561-B762-D3F5277900B9}.Release|Any CPU.ActiveCfg = Release|Any CPU
		{C8A7B047-B9A8-4561-B762-D3F5277900B9}.Release|Any CPU.Build.0 = Release|Any CPU
		{BAFCC730-0DF6-4660-8BA5-B1CBF7F2F0D4}.Debug|Any CPU.ActiveCfg = Debug|Any CPU
		{BAFCC730-0DF6-4660-8BA5-B1CBF7F2F0D4}.Debug|Any CPU.Build.0 = Debug|Any CPU
		{BAFCC730-0DF6-4660-8BA5-B1CBF7F2F0D4}.Release|Any CPU.ActiveCfg = Release|Any CPU
		{BAFCC730-0DF6-4660-8BA5-B1CBF7F2F0D4}.Release|Any CPU.Build.0 = Release|Any CPU
	EndGlobalSection
	GlobalSection(SolutionProperties) = preSolution
		HideSolutionNode = FALSE
	EndGlobalSection
	GlobalSection(ExtensibilityGlobals) = postSolution
		SolutionGuid = {C50F7CD7-36F7-4307-8EBC-8C5CE68069C0}
	EndGlobalSection
EndGlobal
